
Microsoft Visual Studio Solution File, Format Version 12.00
# Visual Studio Version 17
VisualStudioVersion = 17.4.33213.308
MinimumVisualStudioVersion = 10.0.40219.1
Project("{FAE04EC0-301F-11D3-BF4B-00C04F79EFBC}") = "Задача 14", "Задача 14\Задача 14.csproj", "{E11DC7BA-80D9-47ED-B2FE-4E853576C3EA}"
EndProject
Global
	GlobalSection(SolutionConfigurationPlatforms) = preSolution
		Debug|Any CPU = Debug|Any CPU
		Release|Any CPU = Release|Any CPU
	EndGlobalSection
	GlobalSection(ProjectConfigurationPlatforms) = postSolution
		{E11DC7BA-80D9-47ED-B2FE-4E853576C3EA}.Debug|Any CPU.ActiveCfg = Debug|Any CPU
		{E11DC7BA-80D9-47ED-B2FE-4E853576C3EA}.Debug|Any CPU.Build.0 = Debug|Any CPU
		{E11DC7BA-80D9-47ED-B2FE-4E853576C3EA}.Release|Any CPU.ActiveCfg = Release|Any CPU
		{E11DC7BA-80D9-47ED-B2FE-4E853576C3EA}.Release|Any CPU.Build.0 = Release|Any CPU
	EndGlobalSection
	GlobalSection(SolutionProperties) = preSolution
		HideSolutionNode = FALSE
	EndGlobalSection
	GlobalSection(ExtensibilityGlobals) = postSolution
		SolutionGuid = {BFBBC092-C3AF-4424-A5C0-06585708415A}
	EndGlobalSection
EndGlobal
